// !$*UTF8*$!
{
	archiveVersion = 1;
	classes = {
	};
	objectVersion = 46;
	objects = {

/* Begin PBXBuildFile section */
		7785DF451C23995100A55CDE /* main.m in Sources */ = {isa = PBXBuildFile; fileRef = 7785DF441C23995100A55CDE /* main.m */; };
		7785DF481C23995200A55CDE /* AppDelegate.m in Sources */ = {isa = PBXBuildFile; fileRef = 7785DF471C23995200A55CDE /* AppDelegate.m */; };
		7785DF4B1C23995200A55CDE /* ViewController.m in Sources */ = {isa = PBXBuildFile; fileRef = 7785DF4A1C23995200A55CDE /* ViewController.m */; };
		7785DF4E1C23995200A55CDE /* Main.storyboard in Resources */ = {isa = PBXBuildFile; fileRef = 7785DF4C1C23995200A55CDE /* Main.storyboard */; };
		7785DF501C23995200A55CDE /* Assets.xcassets in Resources */ = {isa = PBXBuildFile; fileRef = 7785DF4F1C23995200A55CDE /* Assets.xcassets */; };
		7785DF531C23995200A55CDE /* LaunchScreen.storyboard in Resources */ = {isa = PBXBuildFile; fileRef = 7785DF511C23995200A55CDE /* LaunchScreen.storyboard */; };
		7785DF5E1C23995200A55CDE /* ZZCheckBoxDemoTests.m in Sources */ = {isa = PBXBuildFile; fileRef = 7785DF5D1C23995200A55CDE /* ZZCheckBoxDemoTests.m */; };
		7785DF691C23995200A55CDE /* ZZCheckBoxDemoUITests.m in Sources */ = {isa = PBXBuildFile; fileRef = 7785DF681C23995200A55CDE /* ZZCheckBoxDemoUITests.m */; };
		7785DF791C2399B400A55CDE /* ZZCheckBox.m in Sources */ = {isa = PBXBuildFile; fileRef = 7785DF781C2399B400A55CDE /* ZZCheckBox.m */; };
		7785DF7C1C239A3F00A55CDE /* ZZSingleCheckBox.m in Sources */ = {isa = PBXBuildFile; fileRef = 7785DF7B1C239A3F00A55CDE /* ZZSingleCheckBox.m */; };
		7785DF7F1C239A5400A55CDE /* ZZMutableCheckBox.m in Sources */ = {isa = PBXBuildFile; fileRef = 7785DF7E1C239A5400A55CDE /* ZZMutableCheckBox.m */; };
		7785DF821C239AA200A55CDE /* ZZCheckBoxButton.m in Sources */ = {isa = PBXBuildFile; fileRef = 7785DF811C239AA200A55CDE /* ZZCheckBoxButton.m */; };
		7785DF881C23CA5E00A55CDE /* but_select_press@3x.png in Resources */ = {isa = PBXBuildFile; fileRef = 7785DF841C23CA5E00A55CDE /* but_select_press@3x.png */; };
		7785DF891C23CA5E00A55CDE /* but_select_press@2x.png in Resources */ = {isa = PBXBuildFile; fileRef = 7785DF851C23CA5E00A55CDE /* but_select_press@2x.png */; };
		7785DF8A1C23CA5E00A55CDE /* but_select_nor@3x.png in Resources */ = {isa = PBXBuildFile; fileRef = 7785DF861C23CA5E00A55CDE /* but_select_nor@3x.png */; };
		7785DF8B1C23CA5E00A55CDE /* but_select_nor@2x.png in Resources */ = {isa = PBXBuildFile; fileRef = 7785DF871C23CA5E00A55CDE /* but_select_nor@2x.png */; };
		931A85FF1D24DE450048EB57 /* ZZCheckBoxGenerator.m in Sources */ = {isa = PBXBuildFile; fileRef = 931A85FE1D24DE450048EB57 /* ZZCheckBoxGenerator.m */; };
/* End PBXBuildFile section */

/* Begin PBXContainerItemProxy section */
		7785DF5A1C23995200A55CDE /* PBXContainerItemProxy */ = {
			isa = PBXContainerItemProxy;
			containerPortal = 7785DF381C23995100A55CDE /* Project object */;
			proxyType = 1;
			remoteGlobalIDString = 7785DF3F1C23995100A55CDE;
			remoteInfo = ZZCheckBoxDemo;
		};
		7785DF651C23995200A55CDE /* PBXContainerItemProxy */ = {
			isa = PBXContainerItemProxy;
			containerPortal = 7785DF381C23995100A55CDE /* Project object */;
			proxyType = 1;
			remoteGlobalIDString = 7785DF3F1C23995100A55CDE;
			remoteInfo = ZZCheckBoxDemo;
		};
/* End PBXContainerItemProxy section */

/* Begin PBXFileReference section */
		7785DF401C23995100A55CDE /* ZZCheckBoxDemo.app */ = {isa = PBXFileReference; explicitFileType = wrapper.application; includeInIndex = 0; path = ZZCheckBoxDemo.app; sourceTree = BUILT_PRODUCTS_DIR; };
		7785DF441C23995100A55CDE /* main.m */ = {isa = PBXFileReference; lastKnownFileType = sourcecode.c.objc; path = main.m; sourceTree = "<group>"; };
		7785DF461C23995200A55CDE /* AppDelegate.h */ = {isa = PBXFileReference; lastKnownFileType = sourcecode.c.h; path = AppDelegate.h; sourceTree = "<group>"; };
		7785DF471C23995200A55CDE /* AppDelegate.m */ = {isa = PBXFileReference; lastKnownFileType = sourcecode.c.objc; path = AppDelegate.m; sourceTree = "<group>"; };
		7785DF491C23995200A55CDE /* ViewController.h */ = {isa = PBXFileReference; lastKnownFileType = sourcecode.c.h; path = ViewController.h; sourceTree = "<group>"; };
		7785DF4A1C23995200A55CDE /* ViewController.m */ = {isa = PBXFileReference; lastKnownFileType = sourcecode.c.objc; path = ViewController.m; sourceTree = "<group>"; };
		7785DF4D1C23995200A55CDE /* Base */ = {isa = PBXFileReference; lastKnownFileType = file.storyboard; name = Base; path = Base.lproj/Main.storyboard; sourceTree = "<group>"; };
		7785DF4F1C23995200A55CDE /* Assets.xcassets */ = {isa = PBXFileReference; lastKnownFileType = folder.assetcatalog; path = Assets.xcassets; sourceTree = "<group>"; };
		7785DF521C23995200A55CDE /* Base */ = {isa = PBXFileReference; lastKnownFileType = file.storyboard; name = Base; path = Base.lproj/LaunchScreen.storyboard; sourceTree = "<group>"; };
		7785DF541C23995200A55CDE /* Info.plist */ = {isa = PBXFileReference; lastKnownFileType = text.plist.xml; path = Info.plist; sourceTree = "<group>"; };
		7785DF591C23995200A55CDE /* ZZCheckBoxDemoTests.xctest */ = {isa = PBXFileReference; explicitFileType = wrapper.cfbundle; includeInIndex = 0; path = ZZCheckBoxDemoTests.xctest; sourceTree = BUILT_PRODUCTS_DIR; };
		7785DF5D1C23995200A55CDE /* ZZCheckBoxDemoTests.m */ = {isa = PBXFileReference; lastKnownFileType = sourcecode.c.objc; path = ZZCheckBoxDemoTests.m; sourceTree = "<group>"; };
		7785DF5F1C23995200A55CDE /* Info.plist */ = {isa = PBXFileReference; lastKnownFileType = text.plist.xml; path = Info.plist; sourceTree = "<group>"; };
		7785DF641C23995200A55CDE /* ZZCheckBoxDemoUITests.xctest */ = {isa = PBXFileReference; explicitFileType = wrapper.cfbundle; includeInIndex = 0; path = ZZCheckBoxDemoUITests.xctest; sourceTree = BUILT_PRODUCTS_DIR; };
		7785DF681C23995200A55CDE /* ZZCheckBoxDemoUITests.m */ = {isa = PBXFileReference; lastKnownFileType = sourcecode.c.objc; path = ZZCheckBoxDemoUITests.m; sourceTree = "<group>"; };
		7785DF6A1C23995200A55CDE /* Info.plist */ = {isa = PBXFileReference; lastKnownFileType = text.plist.xml; path = Info.plist; sourceTree = "<group>"; };
		7785DF771C2399B400A55CDE /* ZZCheckBox.h */ = {isa = PBXFileReference; fileEncoding = 4; lastKnownFileType = sourcecode.c.h; path = ZZCheckBox.h; sourceTree = "<group>"; };
		7785DF781C2399B400A55CDE /* ZZCheckBox.m */ = {isa = PBXFileReference; fileEncoding = 4; lastKnownFileType = sourcecode.c.objc; path = ZZCheckBox.m; sourceTree = "<group>"; };
		7785DF7A1C239A3F00A55CDE /* ZZSingleCheckBox.h */ = {isa = PBXFileReference; fileEncoding = 4; lastKnownFileType = sourcecode.c.h; path = ZZSingleCheckBox.h; sourceTree = "<group>"; };
		7785DF7B1C239A3F00A55CDE /* ZZSingleCheckBox.m */ = {isa = PBXFileReference; fileEncoding = 4; lastKnownFileType = sourcecode.c.objc; path = ZZSingleCheckBox.m; sourceTree = "<group>"; };
		7785DF7D1C239A5400A55CDE /* ZZMutableCheckBox.h */ = {isa = PBXFileReference; fileEncoding = 4; lastKnownFileType = sourcecode.c.h; path = ZZMutableCheckBox.h; sourceTree = "<group>"; };
		7785DF7E1C239A5400A55CDE /* ZZMutableCheckBox.m */ = {isa = PBXFileReference; fileEncoding = 4; lastKnownFileType = sourcecode.c.objc; path = ZZMutableCheckBox.m; sourceTree = "<group>"; };
		7785DF801C239AA200A55CDE /* ZZCheckBoxButton.h */ = {isa = PBXFileReference; fileEncoding = 4; lastKnownFileType = sourcecode.c.h; path = ZZCheckBoxButton.h; sourceTree = "<group>"; };
		7785DF811C239AA200A55CDE /* ZZCheckBoxButton.m */ = {isa = PBXFileReference; fileEncoding = 4; lastKnownFileType = sourcecode.c.objc; path = ZZCheckBoxButton.m; sourceTree = "<group>"; };
		7785DF831C23B14A00A55CDE /* ZZCheckBoxHeader.h */ = {isa = PBXFileReference; fileEncoding = 4; lastKnownFileType = sourcecode.c.h; path = ZZCheckBoxHeader.h; sourceTree = "<group>"; };
		7785DF841C23CA5E00A55CDE /* but_select_press@3x.png */ = {isa = PBXFileReference; lastKnownFileType = image.png; path = "but_select_press@3x.png"; sourceTree = "<group>"; };
		7785DF851C23CA5E00A55CDE /* but_select_press@2x.png */ = {isa = PBXFileReference; lastKnownFileType = image.png; path = "but_select_press@2x.png"; sourceTree = "<group>"; };
		7785DF861C23CA5E00A55CDE /* but_select_nor@3x.png */ = {isa = PBXFileReference; lastKnownFileType = image.png; path = "but_select_nor@3x.png"; sourceTree = "<group>"; };
		7785DF871C23CA5E00A55CDE /* but_select_nor@2x.png */ = {isa = PBXFileReference; lastKnownFileType = image.png; path = "but_select_nor@2x.png"; sourceTree = "<group>"; };
		931A85FD1D24DE450048EB57 /* ZZCheckBoxGenerator.h */ = {isa = PBXFileReference; fileEncoding = 4; lastKnownFileType = sourcecode.c.h; path = ZZCheckBoxGenerator.h; sourceTree = "<group>"; };
		931A85FE1D24DE450048EB57 /* ZZCheckBoxGenerator.m */ = {isa = PBXFileReference; fileEncoding = 4; lastKnownFileType = sourcecode.c.objc; path = ZZCheckBoxGenerator.m; sourceTree = "<group>"; };
/* End PBXFileReference section */

/* Begin PBXFrameworksBuildPhase section */
		7785DF3D1C23995100A55CDE /* Frameworks */ = {
			isa = PBXFrameworksBuildPhase;
			buildActionMask = 2147483647;
			files = (
			);
			runOnlyForDeploymentPostprocessing = 0;
		};
		7785DF561C23995200A55CDE /* Frameworks */ = {
			isa = PBXFrameworksBuildPhase;
			buildActionMask = 2147483647;
			files = (
			);
			runOnlyForDeploymentPostprocessing = 0;
		};
		7785DF611C23995200A55CDE /* Frameworks */ = {
			isa = PBXFrameworksBuildPhase;
			buildActionMask = 2147483647;
			files = (
			);
			runOnlyForDeploymentPostprocessing = 0;
		};
/* End PBXFrameworksBuildPhase section */

/* Begin PBXGroup section */
		7785DF371C23995100A55CDE = {
			isa = PBXGroup;
			children = (
				7785DF421C23995100A55CDE /* ZZCheckBoxDemo */,
				7785DF5C1C23995200A55CDE /* ZZCheckBoxDemoTests */,
				7785DF671C23995200A55CDE /* ZZCheckBoxDemoUITests */,
				7785DF411C23995100A55CDE /* Products */,
			);
			sourceTree = "<group>";
		};
		7785DF411C23995100A55CDE /* Products */ = {
			isa = PBXGroup;
			children = (
				7785DF401C23995100A55CDE /* ZZCheckBoxDemo.app */,
				7785DF591C23995200A55CDE /* ZZCheckBoxDemoTests.xctest */,
				7785DF641C23995200A55CDE /* ZZCheckBoxDemoUITests.xctest */,
			);
			name = Products;
			sourceTree = "<group>";
		};
		7785DF421C23995100A55CDE /* ZZCheckBoxDemo */ = {
			isa = PBXGroup;
			children = (
				7785DF761C23997000A55CDE /* ZZCheckBox */,
				7785DF461C23995200A55CDE /* AppDelegate.h */,
				7785DF471C23995200A55CDE /* AppDelegate.m */,
				7785DF491C23995200A55CDE /* ViewController.h */,
				7785DF4A1C23995200A55CDE /* ViewController.m */,
				7785DF4C1C23995200A55CDE /* Main.storyboard */,
				7785DF4F1C23995200A55CDE /* Assets.xcassets */,
				7785DF511C23995200A55CDE /* LaunchScreen.storyboard */,
				7785DF541C23995200A55CDE /* Info.plist */,
				7785DF431C23995100A55CDE /* Supporting Files */,
			);
			path = ZZCheckBoxDemo;
			sourceTree = "<group>";
		};
		7785DF431C23995100A55CDE /* Supporting Files */ = {
			isa = PBXGroup;
			children = (
				7785DF441C23995100A55CDE /* main.m */,
			);
			name = "Supporting Files";
			sourceTree = "<group>";
		};
		7785DF5C1C23995200A55CDE /* ZZCheckBoxDemoTests */ = {
			isa = PBXGroup;
			children = (
				7785DF5D1C23995200A55CDE /* ZZCheckBoxDemoTests.m */,
				7785DF5F1C23995200A55CDE /* Info.plist */,
			);
			path = ZZCheckBoxDemoTests;
			sourceTree = "<group>";
		};
		7785DF671C23995200A55CDE /* ZZCheckBoxDemoUITests */ = {
			isa = PBXGroup;
			children = (
				7785DF681C23995200A55CDE /* ZZCheckBoxDemoUITests.m */,
				7785DF6A1C23995200A55CDE /* Info.plist */,
			);
			path = ZZCheckBoxDemoUITests;
			sourceTree = "<group>";
		};
		7785DF761C23997000A55CDE /* ZZCheckBox */ = {
			isa = PBXGroup;
			children = (
				7785DF841C23CA5E00A55CDE /* but_select_press@3x.png */,
				7785DF851C23CA5E00A55CDE /* but_select_press@2x.png */,
				7785DF861C23CA5E00A55CDE /* but_select_nor@3x.png */,
				7785DF871C23CA5E00A55CDE /* but_select_nor@2x.png */,
				7785DF831C23B14A00A55CDE /* ZZCheckBoxHeader.h */,
				931A85FD1D24DE450048EB57 /* ZZCheckBoxGenerator.h */,
				931A85FE1D24DE450048EB57 /* ZZCheckBoxGenerator.m */,
				7785DF771C2399B400A55CDE /* ZZCheckBox.h */,
				7785DF781C2399B400A55CDE /* ZZCheckBox.m */,
				7785DF7A1C239A3F00A55CDE /* ZZSingleCheckBox.h */,
				7785DF7B1C239A3F00A55CDE /* ZZSingleCheckBox.m */,
				7785DF7D1C239A5400A55CDE /* ZZMutableCheckBox.h */,
				7785DF7E1C239A5400A55CDE /* ZZMutableCheckBox.m */,
				7785DF801C239AA200A55CDE /* ZZCheckBoxButton.h */,
				7785DF811C239AA200A55CDE /* ZZCheckBoxButton.m */,
			);
			path = ZZCheckBox;
			sourceTree = "<group>";
		};
/* End PBXGroup section */

/* Begin PBXNativeTarget section */
		7785DF3F1C23995100A55CDE /* ZZCheckBoxDemo */ = {
			isa = PBXNativeTarget;
			buildConfigurationList = 7785DF6D1C23995200A55CDE /* Build configuration list for PBXNativeTarget "ZZCheckBoxDemo" */;
			buildPhases = (
				7785DF3C1C23995100A55CDE /* Sources */,
				7785DF3D1C23995100A55CDE /* Frameworks */,
				7785DF3E1C23995100A55CDE /* Resources */,
			);
			buildRules = (
			);
			dependencies = (
			);
			name = ZZCheckBoxDemo;
			productName = ZZCheckBoxDemo;
			productReference = 7785DF401C23995100A55CDE /* ZZCheckBoxDemo.app */;
			productType = "com.apple.product-type.application";
		};
		7785DF581C23995200A55CDE /* ZZCheckBoxDemoTests */ = {
			isa = PBXNativeTarget;
			buildConfigurationList = 7785DF701C23995200A55CDE /* Build configuration list for PBXNativeTarget "ZZCheckBoxDemoTests" */;
			buildPhases = (
				7785DF551C23995200A55CDE /* Sources */,
				7785DF561C23995200A55CDE /* Frameworks */,
				7785DF571C23995200A55CDE /* Resources */,
			);
			buildRules = (
			);
			dependencies = (
				7785DF5B1C23995200A55CDE /* PBXTargetDependency */,
			);
			name = ZZCheckBoxDemoTests;
			productName = ZZCheckBoxDemoTests;
			productReference = 7785DF591C23995200A55CDE /* ZZCheckBoxDemoTests.xctest */;
			productType = "com.apple.product-type.bundle.unit-test";
		};
		7785DF631C23995200A55CDE /* ZZCheckBoxDemoUITests */ = {
			isa = PBXNativeTarget;
			buildConfigurationList = 7785DF731C23995200A55CDE /* Build configuration list for PBXNativeTarget "ZZCheckBoxDemoUITests" */;
			buildPhases = (
				7785DF601C23995200A55CDE /* Sources */,
				7785DF611C23995200A55CDE /* Frameworks */,
				7785DF621C23995200A55CDE /* Resources */,
			);
			buildRules = (
			);
			dependencies = (
				7785DF661C23995200A55CDE /* PBXTargetDependency */,
			);
			name = ZZCheckBoxDemoUITests;
			productName = ZZCheckBoxDemoUITests;
			productReference = 7785DF641C23995200A55CDE /* ZZCheckBoxDemoUITests.xctest */;
			productType = "com.apple.product-type.bundle.ui-testing";
		};
/* End PBXNativeTarget section */

/* Begin PBXProject section */
		7785DF381C23995100A55CDE /* Project object */ = {
			isa = PBXProject;
			attributes = {
				LastUpgradeCheck = 0720;
				ORGANIZATIONNAME = "尹中正(外包)";
				TargetAttributes = {
					7785DF3F1C23995100A55CDE = {
						CreatedOnToolsVersion = 7.2;
						DevelopmentTeam = 4XB6764L29;
					};
					7785DF581C23995200A55CDE = {
						CreatedOnToolsVersion = 7.2;
						DevelopmentTeam = 4XB6764L29;
						TestTargetID = 7785DF3F1C23995100A55CDE;
					};
					7785DF631C23995200A55CDE = {
						CreatedOnToolsVersion = 7.2;
						DevelopmentTeam = 4XB6764L29;
						TestTargetID = 7785DF3F1C23995100A55CDE;
					};
				};
			};
			buildConfigurationList = 7785DF3B1C23995100A55CDE /* Build configuration list for PBXProject "ZZCheckBoxDemo" */;
			compatibilityVersion = "Xcode 3.2";
			developmentRegion = English;
			hasScannedForEncodings = 0;
			knownRegions = (
				en,
				Base,
			);
			mainGroup = 7785DF371C23995100A55CDE;
			productRefGroup = 7785DF411C23995100A55CDE /* Products */;
			projectDirPath = "";
			projectRoot = "";
			targets = (
				7785DF3F1C23995100A55CDE /* ZZCheckBoxDemo */,
				7785DF581C23995200A55CDE /* ZZCheckBoxDemoTests */,
				7785DF631C23995200A55CDE /* ZZCheckBoxDemoUITests */,
			);
		};
/* End PBXProject section */

/* Begin PBXResourcesBuildPhase section */
		7785DF3E1C23995100A55CDE /* Resources */ = {
			isa = PBXResourcesBuildPhase;
			buildActionMask = 2147483647;
			files = (
				7785DF891C23CA5E00A55CDE /* but_select_press@2x.png in Resources */,
				7785DF531C23995200A55CDE /* LaunchScreen.storyboard in Resources */,
				7785DF8B1C23CA5E00A55CDE /* but_select_nor@2x.png in Resources */,
				7785DF501C23995200A55CDE /* Assets.xcassets in Resources */,
				7785DF8A1C23CA5E00A55CDE /* but_select_nor@3x.png in Resources */,
				7785DF4E1C23995200A55CDE /* Main.storyboard in Resources */,
				7785DF881C23CA5E00A55CDE /* but_select_press@3x.png in Resources */,
			);
			runOnlyForDeploymentPostprocessing = 0;
		};
		7785DF571C23995200A55CDE /* Resources */ = {
			isa = PBXResourcesBuildPhase;
			buildActionMask = 2147483647;
			files = (
			);
			runOnlyForDeploymentPostprocessing = 0;
		};
		7785DF621C23995200A55CDE /* Resources */ = {
			isa = PBXResourcesBuildPhase;
			buildActionMask = 2147483647;
			files = (
			);
			runOnlyForDeploymentPostprocessing = 0;
		};
/* End PBXResourcesBuildPhase section */

/* Begin PBXSourcesBuildPhase section */
		7785DF3C1C23995100A55CDE /* Sources */ = {
			isa = PBXSourcesBuildPhase;
			buildActionMask = 2147483647;
			files = (
				7785DF4B1C23995200A55CDE /* ViewController.m in Sources */,
				7785DF7F1C239A5400A55CDE /* ZZMutableCheckBox.m in Sources */,
				931A85FF1D24DE450048EB57 /* ZZCheckBoxGenerator.m in Sources */,
				7785DF481C23995200A55CDE /* AppDelegate.m in Sources */,
				7785DF791C2399B400A55CDE /* ZZCheckBox.m in Sources */,
				7785DF451C23995100A55CDE /* main.m in Sources */,
				7785DF821C239AA200A55CDE /* ZZCheckBoxButton.m in Sources */,
				7785DF7C1C239A3F00A55CDE /* ZZSingleCheckBox.m in Sources */,
			);
			runOnlyForDeploymentPostprocessing = 0;
		};
		7785DF551C23995200A55CDE /* Sources */ = {
			isa = PBXSourcesBuildPhase;
			buildActionMask = 2147483647;
			files = (
				7785DF5E1C23995200A55CDE /* ZZCheckBoxDemoTests.m in Sources */,
			);
			runOnlyForDeploymentPostprocessing = 0;
		};
		7785DF601C23995200A55CDE /* Sources */ = {
			isa = PBXSourcesBuildPhase;
			buildActionMask = 2147483647;
			files = (
				7785DF691C23995200A55CDE /* ZZCheckBoxDemoUITests.m in Sources */,
			);
			runOnlyForDeploymentPostprocessing = 0;
		};
/* End PBXSourcesBuildPhase section */

/* Begin PBXTargetDependency section */
		7785DF5B1C23995200A55CDE /* PBXTargetDependency */ = {
			isa = PBXTargetDependency;
			target = 7785DF3F1C23995100A55CDE /* ZZCheckBoxDemo */;
			targetProxy = 7785DF5A1C23995200A55CDE /* PBXContainerItemProxy */;
		};
		7785DF661C23995200A55CDE /* PBXTargetDependency */ = {
			isa = PBXTargetDependency;
			target = 7785DF3F1C23995100A55CDE /* ZZCheckBoxDemo */;
			targetProxy = 7785DF651C23995200A55CDE /* PBXContainerItemProxy */;
		};
/* End PBXTargetDependency section */

/* Begin PBXVariantGroup section */
		7785DF4C1C23995200A55CDE /* Main.storyboard */ = {
			isa = PBXVariantGroup;
			children = (
				7785DF4D1C23995200A55CDE /* Base */,
			);
			name = Main.storyboard;
			sourceTree = "<group>";
		};
		7785DF511C23995200A55CDE /* LaunchScreen.storyboard */ = {
			isa = PBXVariantGroup;
			children = (
				7785DF521C23995200A55CDE /* Base */,
			);
			name = LaunchScreen.storyboard;
			sourceTree = "<group>";
		};
/* End PBXVariantGroup section */

/* Begin XCBuildConfiguration section */
		7785DF6B1C23995200A55CDE /* Debug */ = {
			isa = XCBuildConfiguration;
			buildSettings = {
				ALWAYS_SEARCH_USER_PATHS = NO;
				CLANG_CXX_LANGUAGE_STANDARD = "gnu++0x";
				CLANG_CXX_LIBRARY = "libc++";
				CLANG_ENABLE_MODULES = YES;
				CLANG_ENABLE_OBJC_ARC = YES;
				CLANG_WARN_BOOL_CONVERSION = YES;
				CLANG_WARN_CONSTANT_CONVERSION = YES;
				CLANG_WARN_DIRECT_OBJC_ISA_USAGE = YES_ERROR;
				CLANG_WARN_EMPTY_BODY = YES;
				CLANG_WARN_ENUM_CONVERSION = YES;
				CLANG_WARN_INT_CONVERSION = YES;
				CLANG_WARN_OBJC_ROOT_CLASS = YES_ERROR;
				CLANG_WARN_UNREACHABLE_CODE = YES;
				CLANG_WARN__DUPLICATE_METHOD_MATCH = YES;
				"CODE_SIGN_IDENTITY[sdk=iphoneos*]" = "iPhone Developer";
				COPY_PHASE_STRIP = NO;
				DEBUG_INFORMATION_FORMAT = dwarf;
				ENABLE_STRICT_OBJC_MSGSEND = YES;
				ENABLE_TESTABILITY = YES;
				GCC_C_LANGUAGE_STANDARD = gnu99;
				GCC_DYNAMIC_NO_PIC = NO;
				GCC_NO_COMMON_BLOCKS = YES;
				GCC_OPTIMIZATION_LEVEL = 0;
				GCC_PREPROCESSOR_DEFINITIONS = (
					"DEBUG=1",
					"$(inherited)",
				);
				GCC_WARN_64_TO_32_BIT_CONVERSION = YES;
				GCC_WARN_ABOUT_RETURN_TYPE = YES_ERROR;
				GCC_WARN_UNDECLARED_SELECTOR = YES;
				GCC_WARN_UNINITIALIZED_AUTOS = YES_AGGRESSIVE;
				GCC_WARN_UNUSED_FUNCTION = YES;
				GCC_WARN_UNUSED_VARIABLE = YES;
				IPHONEOS_DEPLOYMENT_TARGET = 9.2;
				MTL_ENABLE_DEBUG_INFO = YES;
				ONLY_ACTIVE_ARCH = YES;
				SDKROOT = iphoneos;
				TARGETED_DEVICE_FAMILY = "1,2";
			};
			name = Debug;
		};
		7785DF6C1C23995200A55CDE /* Release */ = {
			isa = XCBuildConfiguration;
			buildSettings = {
				ALWAYS_SEARCH_USER_PATHS = NO;
				CLANG_CXX_LANGUAGE_STANDARD = "gnu++0x";
				CLANG_CXX_LIBRARY = "libc++";
				CLANG_ENABLE_MODULES = YES;
				CLANG_ENABLE_OBJC_ARC = YES;
				CLANG_WARN_BOOL_CONVERSION = YES;
				CLANG_WARN_CONSTANT_CONVERSION = YES;
				CLANG_WARN_DIRECT_OBJC_ISA_USAGE = YES_ERROR;
				CLANG_WARN_EMPTY_BODY = YES;
				CLANG_WARN_ENUM_CONVERSION = YES;
				CLANG_WARN_INT_CONVERSION = YES;
				CLANG_WARN_OBJC_ROOT_CLASS = YES_ERROR;
				CLANG_WARN_UNREACHABLE_CODE = YES;
				CLANG_WARN__DUPLICATE_METHOD_MATCH = YES;
				"CODE_SIGN_IDENTITY[sdk=iphoneos*]" = "iPhone Developer";
				COPY_PHASE_STRIP = NO;
				DEBUG_INFORMATION_FORMAT = "dwarf-with-dsym";
				ENABLE_NS_ASSERTIONS = NO;
				ENABLE_STRICT_OBJC_MSGSEND = YES;
				GCC_C_LANGUAGE_STANDARD = gnu99;
				GCC_NO_COMMON_BLOCKS = YES;
				GCC_WARN_64_TO_32_BIT_CONVERSION = YES;
				GCC_WARN_ABOUT_RETURN_TYPE = YES_ERROR;
				GCC_WARN_UNDECLARED_SELECTOR = YES;
				GCC_WARN_UNINITIALIZED_AUTOS = YES_AGGRESSIVE;
				GCC_WARN_UNUSED_FUNCTION = YES;
				GCC_WARN_UNUSED_VARIABLE = YES;
				IPHONEOS_DEPLOYMENT_TARGET = 9.2;
				MTL_ENABLE_DEBUG_INFO = NO;
				SDKROOT = iphoneos;
				TARGETED_DEVICE_FAMILY = "1,2";
				VALIDATE_PRODUCT = YES;
			};
			name = Release;
		};
		7785DF6E1C23995200A55CDE /* Debug */ = {
			isa = XCBuildConfiguration;
			buildSettings = {
				ASSETCATALOG_COMPILER_APPICON_NAME = AppIcon;
				INFOPLIST_FILE = ZZCheckBoxDemo/Info.plist;
				LD_RUNPATH_SEARCH_PATHS = "$(inherited) @executable_path/Frameworks";
				PRODUCT_BUNDLE_IDENTIFIER = com.aaron.ZZCheckBoxDemo;
				PRODUCT_NAME = "$(TARGET_NAME)";
			};
			name = Debug;
		};
		7785DF6F1C23995200A55CDE /* Release */ = {
			isa = XCBuildConfiguration;
			buildSettings = {
				ASSETCATALOG_COMPILER_APPICON_NAME = AppIcon;
				INFOPLIST_FILE = ZZCheckBoxDemo/Info.plist;
				LD_RUNPATH_SEARCH_PATHS = "$(inherited) @executable_path/Frameworks";
				PRODUCT_BUNDLE_IDENTIFIER = com.aaron.ZZCheckBoxDemo;
				PRODUCT_NAME = "$(TARGET_NAME)";
			};
			name = Release;
		};
		7785DF711C23995200A55CDE /* Debug */ = {
			isa = XCBuildConfiguration;
			buildSettings = {
				BUNDLE_LOADER = "$(TEST_HOST)";
				INFOPLIST_FILE = ZZCheckBoxDemoTests/Info.plist;
				LD_RUNPATH_SEARCH_PATHS = "$(inherited) @executable_path/Frameworks @loader_path/Frameworks";
				PRODUCT_BUNDLE_IDENTIFIER = com.aaron.ZZCheckBoxDemoTests;
				PRODUCT_NAME = "$(TARGET_NAME)";
				TEST_HOST = "$(BUILT_PRODUCTS_DIR)/ZZCheckBoxDemo.app/ZZCheckBoxDemo";
			};
			name = Debug;
		};
		7785DF721C23995200A55CDE /* Release */ = {
			isa = XCBuildConfiguration;
			buildSettings = {
				BUNDLE_LOADER = "$(TEST_HOST)";
				INFOPLIST_FILE = ZZCheckBoxDemoTests/Info.plist;
				LD_RUNPATH_SEARCH_PATHS = "$(inherited) @executable_path/Frameworks @loader_path/Frameworks";
				PRODUCT_BUNDLE_IDENTIFIER = com.aaron.ZZCheckBoxDemoTests;
				PRODUCT_NAME = "$(TARGET_NAME)";
				TEST_HOST = "$(BUILT_PRODUCTS_DIR)/ZZCheckBoxDemo.app/ZZCheckBoxDemo";
			};
			name = Release;
		};
		7785DF741C23995200A55CDE /* Debug */ = {
			isa = XCBuildConfiguration;
			buildSettings = {
				INFOPLIST_FILE = ZZCheckBoxDemoUITests/Info.plist;
				LD_RUNPATH_SEARCH_PATHS = "$(inherited) @executable_path/Frameworks @loader_path/Frameworks";
				PRODUCT_BUNDLE_IDENTIFIER = com.aaron.ZZCheckBoxDemoUITests;
				PRODUCT_NAME = "$(TARGET_NAME)";
				TEST_TARGET_NAME = ZZCheckBoxDemo;
				USES_XCTRUNNER = YES;
			};
			name = Debug;
		};
		7785DF751C23995200A55CDE /* Release */ = {
			isa = XCBuildConfiguration;
			buildSettings = {
				INFOPLIST_FILE = ZZCheckBoxDemoUITests/Info.plist;
				LD_RUNPATH_SEARCH_PATHS = "$(inherited) @executable_path/Frameworks @loader_path/Frameworks";
				PRODUCT_BUNDLE_IDENTIFIER = com.aaron.ZZCheckBoxDemoUITests;
				PRODUCT_NAME = "$(TARGET_NAME)";
				TEST_TARGET_NAME = ZZCheckBoxDemo;
				USES_XCTRUNNER = YES;
			};
			name = Release;
		};
/* End XCBuildConfiguration section */

/* Begin XCConfigurationList section */
		7785DF3B1C23995100A55CDE /* Build configuration list for PBXProject "ZZCheckBoxDemo" */ = {
			isa = XCConfigurationList;
			buildConfigurations = (
				7785DF6B1C23995200A55CDE /* Debug */,
				7785DF6C1C23995200A55CDE /* Release */,
			);
			defaultConfigurationIsVisible = 0;
			defaultConfigurationName = Release;
		};
		7785DF6D1C23995200A55CDE /* Build configuration list for PBXNativeTarget "ZZCheckBoxDemo" */ = {
			isa = XCConfigurationList;
			buildConfigurations = (
				7785DF6E1C23995200A55CDE /* Debug */,
				7785DF6F1C23995200A55CDE /* Release */,
			);
			defaultConfigurationIsVisible = 0;
			defaultConfigurationName = Release;
		};
		7785DF701C23995200A55CDE /* Build configuration list for PBXNativeTarget "ZZCheckBoxDemoTests" */ = {
			isa = XCConfigurationList;
			buildConfigurations = (
				7785DF711C23995200A55CDE /* Debug */,
				7785DF721C23995200A55CDE /* Release */,
			);
			defaultConfigurationIsVisible = 0;
			defaultConfigurationName = Release;
		};
		7785DF731C23995200A55CDE /* Build configuration list for PBXNativeTarget "ZZCheckBoxDemoUITests" */ = {
			isa = XCConfigurationList;
			buildConfigurations = (
				7785DF741C23995200A55CDE /* Debug */,
				7785DF751C23995200A55CDE /* Release */,
			);
			defaultConfigurationIsVisible = 0;
			defaultConfigurationName = Release;
		};
/* End XCConfigurationList section */
	};
	rootObject = 7785DF381C23995100A55CDE /* Project object */;
}
